
Microsoft Visual Studio Solution File, Format Version 12.00
Project("{FAE04EC0-301F-11D3-BF4B-00C04F79EFBC}") = "UPM-Runtime", "UPM-Runtime\UPM-Runtime.csproj", "{39EBCBE9-0D91-4748-B8C7-1DA714568045}"
EndProject
Project("{FAE04EC0-301F-11D3-BF4B-00C04F79EFBC}") = "UPM-Editor", "UPM-Editor\UPM-Editor.csproj", "{4D7B0D58-4223-4555-A9E4-029CFB65E21A}"
EndProject
Project("{FAE04EC0-301F-11D3-BF4B-00C04F79EFBC}") = "UPM-Rewired", "UPM-Rewired\UPM-Rewired.csproj", "{6C8F1F99-D636-43E3-AD13-FC277482E92B}"
EndProject
Global
	GlobalSection(SolutionConfigurationPlatforms) = preSolution
		Debug|Any CPU = Debug|Any CPU
		Release|Any CPU = Release|Any CPU
	EndGlobalSection
	GlobalSection(ProjectConfigurationPlatforms) = postSolution
		{39EBCBE9-0D91-4748-B8C7-1DA714568045}.Debug|Any CPU.ActiveCfg = Debug|Any CPU
		{39EBCBE9-0D91-4748-B8C7-1DA714568045}.Debug|Any CPU.Build.0 = Debug|Any CPU
		{39EBCBE9-0D91-4748-B8C7-1DA714568045}.Release|Any CPU.ActiveCfg = Release|Any CPU
		{39EBCBE9-0D91-4748-B8C7-1DA714568045}.Release|Any CPU.Build.0 = Release|Any CPU
		{4D7B0D58-4223-4555-A9E4-029CFB65E21A}.Debug|Any CPU.ActiveCfg = Debug|Any CPU
		{4D7B0D58-4223-4555-A9E4-029CFB65E21A}.Debug|Any CPU.Build.0 = Debug|Any CPU
		{4D7B0D58-4223-4555-A9E4-029CFB65E21A}.Release|Any CPU.ActiveCfg = Release|Any CPU
		{4D7B0D58-4223-4555-A9E4-029CFB65E21A}.Release|Any CPU.Build.0 = Release|Any CPU
		{6C8F1F99-D636-43E3-AD13-FC277482E92B}.Debug|Any CPU.ActiveCfg = Debug|Any CPU
		{6C8F1F99-D636-43E3-AD13-FC277482E92B}.Debug|Any CPU.Build.0 = Debug|Any CPU
		{6C8F1F99-D636-43E3-AD13-FC277482E92B}.Release|Any CPU.ActiveCfg = Release|Any CPU
		{6C8F1F99-D636-43E3-AD13-FC277482E92B}.Release|Any CPU.Build.0 = Release|Any CPU
	EndGlobalSection
EndGlobal
